
Microsoft Visual Studio Solution File, Format Version 12.00
# Visual Studio Version 16
VisualStudioVersion = 16.0.30503.244
MinimumVisualStudioVersion = 10.0.40219.1
Project("{FAE04EC0-301F-11D3-BF4B-00C04F79EFBC}") = "Dio.Series", "Dio.Series\Dio.Series.csproj", "{38548113-AE4C-4DC8-A2F1-F81855C16B9E}"
EndProject
Global
	GlobalSection(SolutionConfigurationPlatforms) = preSolution
		Debug|Any CPU = Debug|Any CPU
		Release|Any CPU = Release|Any CPU
	EndGlobalSection
	GlobalSection(ProjectConfigurationPlatforms) = postSolution
		{38548113-AE4C-4DC8-A2F1-F81855C16B9E}.Debug|Any CPU.ActiveCfg = Debug|Any CPU
		{38548113-AE4C-4DC8-A2F1-F81855C16B9E}.Debug|Any CPU.Build.0 = Debug|Any CPU
		{38548113-AE4C-4DC8-A2F1-F81855C16B9E}.Release|Any CPU.ActiveCfg = Release|Any CPU
		{38548113-AE4C-4DC8-A2F1-F81855C16B9E}.Release|Any CPU.Build.0 = Release|Any CPU
	EndGlobalSection
	GlobalSection(SolutionProperties) = preSolution
		HideSolutionNode = FALSE
	EndGlobalSection
	GlobalSection(ExtensibilityGlobals) = postSolution
		SolutionGuid = {C3C8A5C5-19D4-4CB1-BA42-4A222921D471}
	EndGlobalSection
EndGlobal
